
Microsoft Visual Studio Solution File, Format Version 12.00
# Visual Studio Version 17
VisualStudioVersion = 17.5.33424.131
MinimumVisualStudioVersion = 10.0.40219.1
Project("{2150E333-8FDC-42A3-9474-1A3956D46DE8}") = "Solution Items", "Solution Items", "{F4C122B2-E5F0-4938-BCD6-74C57D623552}"
	ProjectSection(SolutionItems) = preProject
		Directory.Build.props = Directory.Build.props
		Dockerfile = Dockerfile
	EndProjectSection
EndProject
Project("{9A19103F-16F7-4668-BE54-9A1E7A4F7556}") = "Startup", "Startup\Startup.csproj", "{60DA3273-A3A5-4804-8767-353142478EF2}"
EndProject
Project("{9A19103F-16F7-4668-BE54-9A1E7A4F7556}") = "Data", "Data\Data.csproj", "{64B74BC1-C0B0-4D9B-917C-378552F37003}"
EndProject
Project("{9A19103F-16F7-4668-BE54-9A1E7A4F7556}") = "Api", "Api\Api.csproj", "{18F20E56-45AF-409A-86BD-4F573BF1244F}"
EndProject
Project("{9A19103F-16F7-4668-BE54-9A1E7A4F7556}") = "Services", "Services\Services.csproj", "{061C8D93-9557-4EFA-943E-5BD1A750B26C}"
EndProject
Project("{9A19103F-16F7-4668-BE54-9A1E7A4F7556}") = "OAuth", "OAuth\OAuth.csproj", "{D4D1F4FF-3091-4981-9847-C8C5546EC0D8}"
EndProject
Global
	GlobalSection(SolutionConfigurationPlatforms) = preSolution
		Debug|Any CPU = Debug|Any CPU
		Release|Any CPU = Release|Any CPU
	EndGlobalSection
	GlobalSection(ProjectConfigurationPlatforms) = postSolution
		{60DA3273-A3A5-4804-8767-353142478EF2}.Debug|Any CPU.ActiveCfg = Debug|Any CPU
		{60DA3273-A3A5-4804-8767-353142478EF2}.Debug|Any CPU.Build.0 = Debug|Any CPU
		{60DA3273-A3A5-4804-8767-353142478EF2}.Release|Any CPU.ActiveCfg = Release|Any CPU
		{60DA3273-A3A5-4804-8767-353142478EF2}.Release|Any CPU.Build.0 = Release|Any CPU
		{64B74BC1-C0B0-4D9B-917C-378552F37003}.Debug|Any CPU.ActiveCfg = Debug|Any CPU
		{64B74BC1-C0B0-4D9B-917C-378552F37003}.Debug|Any CPU.Build.0 = Debug|Any CPU
		{64B74BC1-C0B0-4D9B-917C-378552F37003}.Release|Any CPU.ActiveCfg = Release|Any CPU
		{64B74BC1-C0B0-4D9B-917C-378552F37003}.Release|Any CPU.Build.0 = Release|Any CPU
		{18F20E56-45AF-409A-86BD-4F573BF1244F}.Debug|Any CPU.ActiveCfg = Debug|Any CPU
		{18F20E56-45AF-409A-86BD-4F573BF1244F}.Debug|Any CPU.Build.0 = Debug|Any CPU
		{18F20E56-45AF-409A-86BD-4F573BF1244F}.Release|Any CPU.ActiveCfg = Release|Any CPU
		{18F20E56-45AF-409A-86BD-4F573BF1244F}.Release|Any CPU.Build.0 = Release|Any CPU
		{061C8D93-9557-4EFA-943E-5BD1A750B26C}.Debug|Any CPU.ActiveCfg = Debug|Any CPU
		{061C8D93-9557-4EFA-943E-5BD1A750B26C}.Debug|Any CPU.Build.0 = Debug|Any CPU
		{061C8D93-9557-4EFA-943E-5BD1A750B26C}.Release|Any CPU.ActiveCfg = Release|Any CPU
		{061C8D93-9557-4EFA-943E-5BD1A750B26C}.Release|Any CPU.Build.0 = Release|Any CPU
		{D4D1F4FF-3091-4981-9847-C8C5546EC0D8}.Debug|Any CPU.ActiveCfg = Debug|Any CPU
		{D4D1F4FF-3091-4981-9847-C8C5546EC0D8}.Debug|Any CPU.Build.0 = Debug|Any CPU
		{D4D1F4FF-3091-4981-9847-C8C5546EC0D8}.Release|Any CPU.ActiveCfg = Release|Any CPU
		{D4D1F4FF-3091-4981-9847-C8C5546EC0D8}.Release|Any CPU.Build.0 = Release|Any CPU
	EndGlobalSection
	GlobalSection(SolutionProperties) = preSolution
		HideSolutionNode = FALSE
	EndGlobalSection
	GlobalSection(ExtensibilityGlobals) = postSolution
		SolutionGuid = {21C52661-6127-4877-8F7F-5FD270623AB9}
	EndGlobalSection
EndGlobal
